// !$*UTF8*$!
{
	archiveVersion = 1;
	classes = {
	};
	objectVersion = 46;
	objects = {

/* Begin PBXBuildFile section */
		C9D525591A718F88007457CA /* AppDelegate.swift in Sources */ = {isa = PBXBuildFile; fileRef = C9D525581A718F88007457CA /* AppDelegate.swift */; };
		C9D5255B1A718F88007457CA /* ViewController.swift in Sources */ = {isa = PBXBuildFile; fileRef = C9D5255A1A718F88007457CA /* ViewController.swift */; };
		C9D5255E1A718F88007457CA /* Main.storyboard in Resources */ = {isa = PBXBuildFile; fileRef = C9D5255C1A718F88007457CA /* Main.storyboard */; };
		C9D525601A718F88007457CA /* Images.xcassets in Resources */ = {isa = PBXBuildFile; fileRef = C9D5255F1A718F88007457CA /* Images.xcassets */; };
		C9D525631A718F88007457CA /* LaunchScreen.xib in Resources */ = {isa = PBXBuildFile; fileRef = C9D525611A718F88007457CA /* LaunchScreen.xib */; };
		C9D5256F1A718F89007457CA /* _9BalloonChallengeTests.swift in Sources */ = {isa = PBXBuildFile; fileRef = C9D5256E1A718F89007457CA /* _9BalloonChallengeTests.swift */; };
		C9D5257B1A71A904007457CA /* Balloons.swift in Sources */ = {isa = PBXBuildFile; fileRef = C9D5257A1A71A904007457CA /* Balloons.swift */; };
		C9D525821A71AA60007457CA /* BerlinTVTower.jpg in Resources */ = {isa = PBXBuildFile; fileRef = C9D5257D1A71AA60007457CA /* BerlinTVTower.jpg */; };
		C9D525831A71AA60007457CA /* RedBalloon1.jpg in Resources */ = {isa = PBXBuildFile; fileRef = C9D5257E1A71AA60007457CA /* RedBalloon1.jpg */; };
		C9D525841A71AA60007457CA /* RedBalloon2.jpg in Resources */ = {isa = PBXBuildFile; fileRef = C9D5257F1A71AA60007457CA /* RedBalloon2.jpg */; };
		C9D525851A71AA60007457CA /* RedBalloon3.jpg in Resources */ = {isa = PBXBuildFile; fileRef = C9D525801A71AA60007457CA /* RedBalloon3.jpg */; };
		C9D525861A71AA60007457CA /* RedBalloon4.jpg in Resources */ = {isa = PBXBuildFile; fileRef = C9D525811A71AA60007457CA /* RedBalloon4.jpg */; };
/* End PBXBuildFile section */

/* Begin PBXContainerItemProxy section */
		C9D525691A718F89007457CA /* PBXContainerItemProxy */ = {
			isa = PBXContainerItemProxy;
			containerPortal = C9D5254B1A718F88007457CA /* Project object */;
			proxyType = 1;
			remoteGlobalIDString = C9D525521A718F88007457CA;
			remoteInfo = 99BalloonChallenge;
		};
/* End PBXContainerItemProxy section */

/* Begin PBXFileReference section */
		C9D525531A718F88007457CA /* 99BalloonChallenge.app */ = {isa = PBXFileReference; explicitFileType = wrapper.application; includeInIndex = 0; path = 99BalloonChallenge.app; sourceTree = BUILT_PRODUCTS_DIR; };
		C9D525571A718F88007457CA /* Info.plist */ = {isa = PBXFileReference; lastKnownFileType = text.plist.xml; path = Info.plist; sourceTree = "<group>"; };
		C9D525581A718F88007457CA /* AppDelegate.swift */ = {isa = PBXFileReference; lastKnownFileType = sourcecode.swift; path = AppDelegate.swift; sourceTree = "<group>"; };
		C9D5255A1A718F88007457CA /* ViewController.swift */ = {isa = PBXFileReference; lastKnownFileType = sourcecode.swift; path = ViewController.swift; sourceTree = "<group>"; };
		C9D5255D1A718F88007457CA /* Base */ = {isa = PBXFileReference; lastKnownFileType = file.storyboard; name = Base; path = Base.lproj/Main.storyboard; sourceTree = "<group>"; };
		C9D5255F1A718F88007457CA /* Images.xcassets */ = {isa = PBXFileReference; lastKnownFileType = folder.assetcatalog; path = Images.xcassets; sourceTree = "<group>"; };
		C9D525621A718F88007457CA /* Base */ = {isa = PBXFileReference; lastKnownFileType = file.xib; name = Base; path = Base.lproj/LaunchScreen.xib; sourceTree = "<group>"; };
		C9D525681A718F89007457CA /* 99BalloonChallengeTests.xctest */ = {isa = PBXFileReference; explicitFileType = wrapper.cfbundle; includeInIndex = 0; path = 99BalloonChallengeTests.xctest; sourceTree = BUILT_PRODUCTS_DIR; };
		C9D5256D1A718F89007457CA /* Info.plist */ = {isa = PBXFileReference; lastKnownFileType = text.plist.xml; path = Info.plist; sourceTree = "<group>"; };
		C9D5256E1A718F89007457CA /* _9BalloonChallengeTests.swift */ = {isa = PBXFileReference; lastKnownFileType = sourcecode.swift; path = _9BalloonChallengeTests.swift; sourceTree = "<group>"; };
		C9D5257A1A71A904007457CA /* Balloons.swift */ = {isa = PBXFileReference; fileEncoding = 4; lastKnownFileType = sourcecode.swift; path = Balloons.swift; sourceTree = "<group>"; };
		C9D5257D1A71AA60007457CA /* BerlinTVTower.jpg */ = {isa = PBXFileReference; lastKnownFileType = image.jpeg; path = BerlinTVTower.jpg; sourceTree = "<group>"; };
		C9D5257E1A71AA60007457CA /* RedBalloon1.jpg */ = {isa = PBXFileReference; lastKnownFileType = image.jpeg; path = RedBalloon1.jpg; sourceTree = "<group>"; };
		C9D5257F1A71AA60007457CA /* RedBalloon2.jpg */ = {isa = PBXFileReference; lastKnownFileType = image.jpeg; path = RedBalloon2.jpg; sourceTree = "<group>"; };
		C9D525801A71AA60007457CA /* RedBalloon3.jpg */ = {isa = PBXFileReference; lastKnownFileType = image.jpeg; path = RedBalloon3.jpg; sourceTree = "<group>"; };
		C9D525811A71AA60007457CA /* RedBalloon4.jpg */ = {isa = PBXFileReference; lastKnownFileType = image.jpeg; path = RedBalloon4.jpg; sourceTree = "<group>"; };
/* End PBXFileReference section */

/* Begin PBXFrameworksBuildPhase section */
		C9D525501A718F88007457CA /* Frameworks */ = {
			isa = PBXFrameworksBuildPhase;
			buildActionMask = 2147483647;
			files = (
			);
			runOnlyForDeploymentPostprocessing = 0;
		};
		C9D525651A718F89007457CA /* Frameworks */ = {
			isa = PBXFrameworksBuildPhase;
			buildActionMask = 2147483647;
			files = (
			);
			runOnlyForDeploymentPostprocessing = 0;
		};
/* End PBXFrameworksBuildPhase section */

/* Begin PBXGroup section */
		C9D5254A1A718F88007457CA = {
			isa = PBXGroup;
			children = (
				C9D525551A718F88007457CA /* 99BalloonChallenge */,
				C9D5256B1A718F89007457CA /* 99BalloonChallengeTests */,
				C9D525541A718F88007457CA /* Products */,
			);
			sourceTree = "<group>";
		};
		C9D525541A718F88007457CA /* Products */ = {
			isa = PBXGroup;
			children = (
				C9D525531A718F88007457CA /* 99BalloonChallenge.app */,
				C9D525681A718F89007457CA /* 99BalloonChallengeTests.xctest */,
			);
			name = Products;
			sourceTree = "<group>";
		};
		C9D525551A718F88007457CA /* 99BalloonChallenge */ = {
			isa = PBXGroup;
			children = (
				C9D525581A718F88007457CA /* AppDelegate.swift */,
				C9D5257A1A71A904007457CA /* Balloons.swift */,
				C9D5255A1A718F88007457CA /* ViewController.swift */,
				C9D5255C1A718F88007457CA /* Main.storyboard */,
				C9D5255F1A718F88007457CA /* Images.xcassets */,
				C9D525611A718F88007457CA /* LaunchScreen.xib */,
				C9D525561A718F88007457CA /* Supporting Files */,
			);
			path = 99BalloonChallenge;
			sourceTree = "<group>";
		};
		C9D525561A718F88007457CA /* Supporting Files */ = {
			isa = PBXGroup;
			children = (
				C9D5257C1A71AA60007457CA /* 99RedBalloonsAssets */,
				C9D525571A718F88007457CA /* Info.plist */,
			);
			name = "Supporting Files";
			sourceTree = "<group>";
		};
		C9D5256B1A718F89007457CA /* 99BalloonChallengeTests */ = {
			isa = PBXGroup;
			children = (
				C9D5256E1A718F89007457CA /* _9BalloonChallengeTests.swift */,
				C9D5256C1A718F89007457CA /* Supporting Files */,
			);
			path = 99BalloonChallengeTests;
			sourceTree = "<group>";
		};
		C9D5256C1A718F89007457CA /* Supporting Files */ = {
			isa = PBXGroup;
			children = (
				C9D5256D1A718F89007457CA /* Info.plist */,
			);
			name = "Supporting Files";
			sourceTree = "<group>";
		};
		C9D5257C1A71AA60007457CA /* 99RedBalloonsAssets */ = {
			isa = PBXGroup;
			children = (
				C9D5257D1A71AA60007457CA /* BerlinTVTower.jpg */,
				C9D5257E1A71AA60007457CA /* RedBalloon1.jpg */,
				C9D5257F1A71AA60007457CA /* RedBalloon2.jpg */,
				C9D525801A71AA60007457CA /* RedBalloon3.jpg */,
				C9D525811A71AA60007457CA /* RedBalloon4.jpg */,
			);
			path = 99RedBalloonsAssets;
			sourceTree = "<group>";
		};
/* End PBXGroup section */

/* Begin PBXNativeTarget section */
		C9D525521A718F88007457CA /* 99BalloonChallenge */ = {
			isa = PBXNativeTarget;
			buildConfigurationList = C9D525721A718F89007457CA /* Build configuration list for PBXNativeTarget "99BalloonChallenge" */;
			buildPhases = (
				C9D5254F1A718F88007457CA /* Sources */,
				C9D525501A718F88007457CA /* Frameworks */,
				C9D525511A718F88007457CA /* Resources */,
			);
			buildRules = (
			);
			dependencies = (
			);
			name = 99BalloonChallenge;
			productName = 99BalloonChallenge;
			productReference = C9D525531A718F88007457CA /* 99BalloonChallenge.app */;
			productType = "com.apple.product-type.application";
		};
		C9D525671A718F89007457CA /* 99BalloonChallengeTests */ = {
			isa = PBXNativeTarget;
			buildConfigurationList = C9D525751A718F89007457CA /* Build configuration list for PBXNativeTarget "99BalloonChallengeTests" */;
			buildPhases = (
				C9D525641A718F89007457CA /* Sources */,
				C9D525651A718F89007457CA /* Frameworks */,
				C9D525661A718F89007457CA /* Resources */,
			);
			buildRules = (
			);
			dependencies = (
				C9D5256A1A718F89007457CA /* PBXTargetDependency */,
			);
			name = 99BalloonChallengeTests;
			productName = 99BalloonChallengeTests;
			productReference = C9D525681A718F89007457CA /* 99BalloonChallengeTests.xctest */;
			productType = "com.apple.product-type.bundle.unit-test";
		};
/* End PBXNativeTarget section */

/* Begin PBXProject section */
		C9D5254B1A718F88007457CA /* Project object */ = {
			isa = PBXProject;
			attributes = {
				LastUpgradeCheck = 0610;
				ORGANIZATIONNAME = "Casey Yu";
				TargetAttributes = {
					C9D525521A718F88007457CA = {
						CreatedOnToolsVersion = 6.1.1;
					};
					C9D525671A718F89007457CA = {
						CreatedOnToolsVersion = 6.1.1;
						TestTargetID = C9D525521A718F88007457CA;
					};
				};
			};
			buildConfigurationList = C9D5254E1A718F88007457CA /* Build configuration list for PBXProject "99BalloonChallenge" */;
			compatibilityVersion = "Xcode 3.2";
			developmentRegion = English;
			hasScannedForEncodings = 0;
			knownRegions = (
				en,
				Base,
			);
			mainGroup = C9D5254A1A718F88007457CA;
			productRefGroup = C9D525541A718F88007457CA /* Products */;
			projectDirPath = "";
			projectRoot = "";
			targets = (
				C9D525521A718F88007457CA /* 99BalloonChallenge */,
				C9D525671A718F89007457CA /* 99BalloonChallengeTests */,
			);
		};
/* End PBXProject section */

/* Begin PBXResourcesBuildPhase section */
		C9D525511A718F88007457CA /* Resources */ = {
			isa = PBXResourcesBuildPhase;
			buildActionMask = 2147483647;
			files = (
				C9D525841A71AA60007457CA /* RedBalloon2.jpg in Resources */,
				C9D5255E1A718F88007457CA /* Main.storyboard in Resources */,
				C9D525851A71AA60007457CA /* RedBalloon3.jpg in Resources */,
				C9D525631A718F88007457CA /* LaunchScreen.xib in Resources */,
				C9D525861A71AA60007457CA /* RedBalloon4.jpg in Resources */,
				C9D525601A718F88007457CA /* Images.xcassets in Resources */,
				C9D525831A71AA60007457CA /* RedBalloon1.jpg in Resources */,
				C9D525821A71AA60007457CA /* BerlinTVTower.jpg in Resources */,
			);
			runOnlyForDeploymentPostprocessing = 0;
		};
		C9D525661A718F89007457CA /* Resources */ = {
			isa = PBXResourcesBuildPhase;
			buildActionMask = 2147483647;
			files = (
			);
			runOnlyForDeploymentPostprocessing = 0;
		};
/* End PBXResourcesBuildPhase section */

/* Begin PBXSourcesBuildPhase section */
		C9D5254F1A718F88007457CA /* Sources */ = {
			isa = PBXSourcesBuildPhase;
			buildActionMask = 2147483647;
			files = (
				C9D5255B1A718F88007457CA /* ViewController.swift in Sources */,
				C9D525591A718F88007457CA /* AppDelegate.swift in Sources */,
				C9D5257B1A71A904007457CA /* Balloons.swift in Sources */,
			);
			runOnlyForDeploymentPostprocessing = 0;
		};
		C9D525641A718F89007457CA /* Sources */ = {
			isa = PBXSourcesBuildPhase;
			buildActionMask = 2147483647;
			files = (
				C9D5256F1A718F89007457CA /* _9BalloonChallengeTests.swift in Sources */,
			);
			runOnlyForDeploymentPostprocessing = 0;
		};
/* End PBXSourcesBuildPhase section */

/* Begin PBXTargetDependency section */
		C9D5256A1A718F89007457CA /* PBXTargetDependency */ = {
			isa = PBXTargetDependency;
			target = C9D525521A718F88007457CA /* 99BalloonChallenge */;
			targetProxy = C9D525691A718F89007457CA /* PBXContainerItemProxy */;
		};
/* End PBXTargetDependency section */

/* Begin PBXVariantGroup section */
		C9D5255C1A718F88007457CA /* Main.storyboard */ = {
			isa = PBXVariantGroup;
			children = (
				C9D5255D1A718F88007457CA /* Base */,
			);
			name = Main.storyboard;
			sourceTree = "<group>";
		};
		C9D525611A718F88007457CA /* LaunchScreen.xib */ = {
			isa = PBXVariantGroup;
			children = (
				C9D525621A718F88007457CA /* Base */,
			);
			name = LaunchScreen.xib;
			sourceTree = "<group>";
		};
/* End PBXVariantGroup section */

/* Begin XCBuildConfiguration section */
		C9D525701A718F89007457CA /* Debug */ = {
			isa = XCBuildConfiguration;
			buildSettings = {
				ALWAYS_SEARCH_USER_PATHS = NO;
				CLANG_CXX_LANGUAGE_STANDARD = "gnu++0x";
				CLANG_CXX_LIBRARY = "libc++";
				CLANG_ENABLE_MODULES = YES;
				CLANG_ENABLE_OBJC_ARC = YES;
				CLANG_WARN_BOOL_CONVERSION = YES;
				CLANG_WARN_CONSTANT_CONVERSION = YES;
				CLANG_WARN_DIRECT_OBJC_ISA_USAGE = YES_ERROR;
				CLANG_WARN_EMPTY_BODY = YES;
				CLANG_WARN_ENUM_CONVERSION = YES;
				CLANG_WARN_INT_CONVERSION = YES;
				CLANG_WARN_OBJC_ROOT_CLASS = YES_ERROR;
				CLANG_WARN_UNREACHABLE_CODE = YES;
				CLANG_WARN__DUPLICATE_METHOD_MATCH = YES;
				"CODE_SIGN_IDENTITY[sdk=iphoneos*]" = "iPhone Developer";
				COPY_PHASE_STRIP = NO;
				ENABLE_STRICT_OBJC_MSGSEND = YES;
				GCC_C_LANGUAGE_STANDARD = gnu99;
				GCC_DYNAMIC_NO_PIC = NO;
				GCC_OPTIMIZATION_LEVEL = 0;
				GCC_PREPROCESSOR_DEFINITIONS = (
					"DEBUG=1",
					"$(inherited)",
				);
				GCC_SYMBOLS_PRIVATE_EXTERN = NO;
				GCC_WARN_64_TO_32_BIT_CONVERSION = YES;
				GCC_WARN_ABOUT_RETURN_TYPE = YES_ERROR;
				GCC_WARN_UNDECLARED_SELECTOR = YES;
				GCC_WARN_UNINITIALIZED_AUTOS = YES_AGGRESSIVE;
				GCC_WARN_UNUSED_FUNCTION = YES;
				GCC_WARN_UNUSED_VARIABLE = YES;
				IPHONEOS_DEPLOYMENT_TARGET = 8.1;
				MTL_ENABLE_DEBUG_INFO = YES;
				ONLY_ACTIVE_ARCH = YES;
				SDKROOT = iphoneos;
				SWIFT_OPTIMIZATION_LEVEL = "-Onone";
				TARGETED_DEVICE_FAMILY = "1,2";
			};
			name = Debug;
		};
		C9D525711A718F89007457CA /* Release */ = {
			isa = XCBuildConfiguration;
			buildSettings = {
				ALWAYS_SEARCH_USER_PATHS = NO;
				CLANG_CXX_LANGUAGE_STANDARD = "gnu++0x";
				CLANG_CXX_LIBRARY = "libc++";
				CLANG_ENABLE_MODULES = YES;
				CLANG_ENABLE_OBJC_ARC = YES;
				CLANG_WARN_BOOL_CONVERSION = YES;
				CLANG_WARN_CONSTANT_CONVERSION = YES;
				CLANG_WARN_DIRECT_OBJC_ISA_USAGE = YES_ERROR;
				CLANG_WARN_EMPTY_BODY = YES;
				CLANG_WARN_ENUM_CONVERSION = YES;
				CLANG_WARN_INT_CONVERSION = YES;
				CLANG_WARN_OBJC_ROOT_CLASS = YES_ERROR;
				CLANG_WARN_UNREACHABLE_CODE = YES;
				CLANG_WARN__DUPLICATE_METHOD_MATCH = YES;
				"CODE_SIGN_IDENTITY[sdk=iphoneos*]" = "iPhone Developer";
				COPY_PHASE_STRIP = YES;
				ENABLE_NS_ASSERTIONS = NO;
				ENABLE_STRICT_OBJC_MSGSEND = YES;
				GCC_C_LANGUAGE_STANDARD = gnu99;
				GCC_WARN_64_TO_32_BIT_CONVERSION = YES;
				GCC_WARN_ABOUT_RETURN_TYPE = YES_ERROR;
				GCC_WARN_UNDECLARED_SELECTOR = YES;
				GCC_WARN_UNINITIALIZED_AUTOS = YES_AGGRESSIVE;
				GCC_WARN_UNUSED_FUNCTION = YES;
				GCC_WARN_UNUSED_VARIABLE = YES;
				IPHONEOS_DEPLOYMENT_TARGET = 8.1;
				MTL_ENABLE_DEBUG_INFO = NO;
				SDKROOT = iphoneos;
				TARGETED_DEVICE_FAMILY = "1,2";
				VALIDATE_PRODUCT = YES;
			};
			name = Release;
		};
		C9D525731A718F89007457CA /* Debug */ = {
			isa = XCBuildConfiguration;
			buildSettings = {
				ASSETCATALOG_COMPILER_APPICON_NAME = AppIcon;
				INFOPLIST_FILE = 99BalloonChallenge/Info.plist;
				LD_RUNPATH_SEARCH_PATHS = "$(inherited) @executable_path/Frameworks";
				PRODUCT_NAME = "$(TARGET_NAME)";
			};
			name = Debug;
		};
		C9D525741A718F89007457CA /* Release */ = {
			isa = XCBuildConfiguration;
			buildSettings = {
				ASSETCATALOG_COMPILER_APPICON_NAME = AppIcon;
				INFOPLIST_FILE = 99BalloonChallenge/Info.plist;
				LD_RUNPATH_SEARCH_PATHS = "$(inherited) @executable_path/Frameworks";
				PRODUCT_NAME = "$(TARGET_NAME)";
			};
			name = Release;
		};
		C9D525761A718F89007457CA /* Debug */ = {
			isa = XCBuildConfiguration;
			buildSettings = {
				BUNDLE_LOADER = "$(TEST_HOST)";
				FRAMEWORK_SEARCH_PATHS = (
					"$(SDKROOT)/Developer/Library/Frameworks",
					"$(inherited)",
				);
				GCC_PREPROCESSOR_DEFINITIONS = (
					"DEBUG=1",
					"$(inherited)",
				);
				INFOPLIST_FILE = 99BalloonChallengeTests/Info.plist;
				LD_RUNPATH_SEARCH_PATHS = "$(inherited) @executable_path/Frameworks @loader_path/Frameworks";
				PRODUCT_NAME = "$(TARGET_NAME)";
				TEST_HOST = "$(BUILT_PRODUCTS_DIR)/99BalloonChallenge.app/99BalloonChallenge";
			};
			name = Debug;
		};
		C9D525771A718F89007457CA /* Release */ = {
			isa = XCBuildConfiguration;
			buildSettings = {
				BUNDLE_LOADER = "$(TEST_HOST)";
				FRAMEWORK_SEARCH_PATHS = (
					"$(SDKROOT)/Developer/Library/Frameworks",
					"$(inherited)",
				);
				INFOPLIST_FILE = 99BalloonChallengeTests/Info.plist;
				LD_RUNPATH_SEARCH_PATHS = "$(inherited) @executable_path/Frameworks @loader_path/Frameworks";
				PRODUCT_NAME = "$(TARGET_NAME)";
				TEST_HOST = "$(BUILT_PRODUCTS_DIR)/99BalloonChallenge.app/99BalloonChallenge";
			};
			name = Release;
		};
/* End XCBuildConfiguration section */

/* Begin XCConfigurationList section */
		C9D5254E1A718F88007457CA /* Build configuration list for PBXProject "99BalloonChallenge" */ = {
			isa = XCConfigurationList;
			buildConfigurations = (
				C9D525701A718F89007457CA /* Debug */,
				C9D525711A718F89007457CA /* Release */,
			);
			defaultConfigurationIsVisible = 0;
			defaultConfigurationName = Release;
		};
		C9D525721A718F89007457CA /* Build configuration list for PBXNativeTarget "99BalloonChallenge" */ = {
			isa = XCConfigurationList;
			buildConfigurations = (
				C9D525731A718F89007457CA /* Debug */,
				C9D525741A718F89007457CA /* Release */,
			);
			defaultConfigurationIsVisible = 0;
		};
		C9D525751A718F89007457CA /* Build configuration list for PBXNativeTarget "99BalloonChallengeTests" */ = {
			isa = XCConfigurationList;
			buildConfigurations = (
				C9D525761A718F89007457CA /* Debug */,
				C9D525771A718F89007457CA /* Release */,
			);
			defaultConfigurationIsVisible = 0;
		};
/* End XCConfigurationList section */
	};
	rootObject = C9D5254B1A718F88007457CA /* Project object */;
}
